// !$*UTF8*$!
{
	archiveVersion = 1;
	classes = {
	};
	objectVersion = 48;
	objects = {

/* Begin PBXBuildFile section */
		634E7F34200CEA2F0057CFF0 /* AppDelegate.m in Sources */ = {isa = PBXBuildFile; fileRef = 634E7F33200CEA2F0057CFF0 /* AppDelegate.m */; };
		634E7F37200CEA2F0057CFF0 /* ViewController.m in Sources */ = {isa = PBXBuildFile; fileRef = 634E7F36200CEA2F0057CFF0 /* ViewController.m */; };
		634E7F3A200CEA2F0057CFF0 /* Main.storyboard in Resources */ = {isa = PBXBuildFile; fileRef = 634E7F38200CEA2F0057CFF0 /* Main.storyboard */; };
		634E7F3C200CEA2F0057CFF0 /* Assets.xcassets in Resources */ = {isa = PBXBuildFile; fileRef = 634E7F3B200CEA2F0057CFF0 /* Assets.xcassets */; };
		634E7F3F200CEA2F0057CFF0 /* LaunchScreen.storyboard in Resources */ = {isa = PBXBuildFile; fileRef = 634E7F3D200CEA2F0057CFF0 /* LaunchScreen.storyboard */; };
		634E7F42200CEA2F0057CFF0 /* main.m in Sources */ = {isa = PBXBuildFile; fileRef = 634E7F41200CEA2F0057CFF0 /* main.m */; };
		634E7F4B200CEA5D0057CFF0 /* YXDelayTask.m in Sources */ = {isa = PBXBuildFile; fileRef = 634E7F49200CEA5C0057CFF0 /* YXDelayTask.m */; };
/* End PBXBuildFile section */

/* Begin PBXFileReference section */
		634E7F2F200CEA2F0057CFF0 /* Example.app */ = {isa = PBXFileReference; explicitFileType = wrapper.application; includeInIndex = 0; path = Example.app; sourceTree = BUILT_PRODUCTS_DIR; };
		634E7F32200CEA2F0057CFF0 /* AppDelegate.h */ = {isa = PBXFileReference; lastKnownFileType = sourcecode.c.h; path = AppDelegate.h; sourceTree = "<group>"; };
		634E7F33200CEA2F0057CFF0 /* AppDelegate.m */ = {isa = PBXFileReference; lastKnownFileType = sourcecode.c.objc; path = AppDelegate.m; sourceTree = "<group>"; };
		634E7F35200CEA2F0057CFF0 /* ViewController.h */ = {isa = PBXFileReference; lastKnownFileType = sourcecode.c.h; path = ViewController.h; sourceTree = "<group>"; };
		634E7F36200CEA2F0057CFF0 /* ViewController.m */ = {isa = PBXFileReference; lastKnownFileType = sourcecode.c.objc; path = ViewController.m; sourceTree = "<group>"; };
		634E7F39200CEA2F0057CFF0 /* Base */ = {isa = PBXFileReference; lastKnownFileType = file.storyboard; name = Base; path = Base.lproj/Main.storyboard; sourceTree = "<group>"; };
		634E7F3B200CEA2F0057CFF0 /* Assets.xcassets */ = {isa = PBXFileReference; lastKnownFileType = folder.assetcatalog; path = Assets.xcassets; sourceTree = "<group>"; };
		634E7F3E200CEA2F0057CFF0 /* Base */ = {isa = PBXFileReference; lastKnownFileType = file.storyboard; name = Base; path = Base.lproj/LaunchScreen.storyboard; sourceTree = "<group>"; };
		634E7F40200CEA2F0057CFF0 /* Info.plist */ = {isa = PBXFileReference; lastKnownFileType = text.plist.xml; path = Info.plist; sourceTree = "<group>"; };
		634E7F41200CEA2F0057CFF0 /* main.m */ = {isa = PBXFileReference; lastKnownFileType = sourcecode.c.objc; path = main.m; sourceTree = "<group>"; };
		634E7F49200CEA5C0057CFF0 /* YXDelayTask.m */ = {isa = PBXFileReference; fileEncoding = 4; lastKnownFileType = sourcecode.c.objc; path = YXDelayTask.m; sourceTree = "<group>"; };
		634E7F4A200CEA5C0057CFF0 /* YXDelayTask.h */ = {isa = PBXFileReference; fileEncoding = 4; lastKnownFileType = sourcecode.c.h; path = YXDelayTask.h; sourceTree = "<group>"; };
/* End PBXFileReference section */

/* Begin PBXFrameworksBuildPhase section */
		634E7F2C200CEA2F0057CFF0 /* Frameworks */ = {
			isa = PBXFrameworksBuildPhase;
			buildActionMask = 2147483647;
			files = (
			);
			runOnlyForDeploymentPostprocessing = 0;
		};
/* End PBXFrameworksBuildPhase section */

/* Begin PBXGroup section */
		634E7F26200CEA2F0057CFF0 = {
			isa = PBXGroup;
			children = (
				634E7F48200CEA5C0057CFF0 /* YXDelayTask */,
				634E7F31200CEA2F0057CFF0 /* Example */,
				634E7F30200CEA2F0057CFF0 /* Products */,
			);
			sourceTree = "<group>";
		};
		634E7F30200CEA2F0057CFF0 /* Products */ = {
			isa = PBXGroup;
			children = (
				634E7F2F200CEA2F0057CFF0 /* Example.app */,
			);
			name = Products;
			sourceTree = "<group>";
		};
		634E7F31200CEA2F0057CFF0 /* Example */ = {
			isa = PBXGroup;
			children = (
				634E7F32200CEA2F0057CFF0 /* AppDelegate.h */,
				634E7F33200CEA2F0057CFF0 /* AppDelegate.m */,
				634E7F35200CEA2F0057CFF0 /* ViewController.h */,
				634E7F36200CEA2F0057CFF0 /* ViewController.m */,
				634E7F38200CEA2F0057CFF0 /* Main.storyboard */,
				634E7F3B200CEA2F0057CFF0 /* Assets.xcassets */,
				634E7F3D200CEA2F0057CFF0 /* LaunchScreen.storyboard */,
				634E7F40200CEA2F0057CFF0 /* Info.plist */,
				634E7F41200CEA2F0057CFF0 /* main.m */,
			);
			path = Example;
			sourceTree = "<group>";
		};
		634E7F48200CEA5C0057CFF0 /* YXDelayTask */ = {
			isa = PBXGroup;
			children = (
				634E7F49200CEA5C0057CFF0 /* YXDelayTask.m */,
				634E7F4A200CEA5C0057CFF0 /* YXDelayTask.h */,
			);
			name = YXDelayTask;
			path = ../YXDelayTask;
			sourceTree = "<group>";
		};
/* End PBXGroup section */

/* Begin PBXNativeTarget section */
		634E7F2E200CEA2F0057CFF0 /* Example */ = {
			isa = PBXNativeTarget;
			buildConfigurationList = 634E7F45200CEA2F0057CFF0 /* Build configuration list for PBXNativeTarget "Example" */;
			buildPhases = (
				634E7F2B200CEA2F0057CFF0 /* Sources */,
				634E7F2C200CEA2F0057CFF0 /* Frameworks */,
				634E7F2D200CEA2F0057CFF0 /* Resources */,
			);
			buildRules = (
			);
			dependencies = (
			);
			name = Example;
			productName = Example;
			productReference = 634E7F2F200CEA2F0057CFF0 /* Example.app */;
			productType = "com.apple.product-type.application";
		};
/* End PBXNativeTarget section */

/* Begin PBXProject section */
		634E7F27200CEA2F0057CFF0 /* Project object */ = {
			isa = PBXProject;
			attributes = {
				LastUpgradeCheck = 0920;
				ORGANIZATIONNAME = Heikki;
				TargetAttributes = {
					634E7F2E200CEA2F0057CFF0 = {
						CreatedOnToolsVersion = 9.2;
						ProvisioningStyle = Automatic;
					};
				};
			};
			buildConfigurationList = 634E7F2A200CEA2F0057CFF0 /* Build configuration list for PBXProject "Example" */;
			compatibilityVersion = "Xcode 8.0";
			developmentRegion = en;
			hasScannedForEncodings = 0;
			knownRegions = (
				en,
				Base,
			);
			mainGroup = 634E7F26200CEA2F0057CFF0;
			productRefGroup = 634E7F30200CEA2F0057CFF0 /* Products */;
			projectDirPath = "";
			projectRoot = "";
			targets = (
				634E7F2E200CEA2F0057CFF0 /* Example */,
			);
		};
/* End PBXProject section */

/* Begin PBXResourcesBuildPhase section */
		634E7F2D200CEA2F0057CFF0 /* Resources */ = {
			isa = PBXResourcesBuildPhase;
			buildActionMask = 2147483647;
			files = (
				634E7F3F200CEA2F0057CFF0 /* LaunchScreen.storyboard in Resources */,
				634E7F3C200CEA2F0057CFF0 /* Assets.xcassets in Resources */,
				634E7F3A200CEA2F0057CFF0 /* Main.storyboard in Resources */,
			);
			runOnlyForDeploymentPostprocessing = 0;
		};
/* End PBXResourcesBuildPhase section */

/* Begin PBXSourcesBuildPhase section */
		634E7F2B200CEA2F0057CFF0 /* Sources */ = {
			isa = PBXSourcesBuildPhase;
			buildActionMask = 2147483647;
			files = (
				634E7F37200CEA2F0057CFF0 /* ViewController.m in Sources */,
				634E7F42200CEA2F0057CFF0 /* main.m in Sources */,
				634E7F34200CEA2F0057CFF0 /* AppDelegate.m in Sources */,
				634E7F4B200CEA5D0057CFF0 /* YXDelayTask.m in Sources */,
			);
			runOnlyForDeploymentPostprocessing = 0;
		};
/* End PBXSourcesBuildPhase section */

/* Begin PBXVariantGroup section */
		634E7F38200CEA2F0057CFF0 /* Main.storyboard */ = {
			isa = PBXVariantGroup;
			children = (
				634E7F39200CEA2F0057CFF0 /* Base */,
			);
			name = Main.storyboard;
			sourceTree = "<group>";
		};
		634E7F3D200CEA2F0057CFF0 /* LaunchScreen.storyboard */ = {
			isa = PBXVariantGroup;
			children = (
				634E7F3E200CEA2F0057CFF0 /* Base */,
			);
			name = LaunchScreen.storyboard;
			sourceTree = "<group>";
		};
/* End PBXVariantGroup section */

/* Begin XCBuildConfiguration section */
		634E7F43200CEA2F0057CFF0 /* Debug */ = {
			isa = XCBuildConfiguration;
			buildSettings = {
				ALWAYS_SEARCH_USER_PATHS = NO;
				CLANG_ANALYZER_NONNULL = YES;
				CLANG_ANALYZER_NUMBER_OBJECT_CONVERSION = YES_AGGRESSIVE;
				CLANG_CXX_LANGUAGE_STANDARD = "gnu++14";
				CLANG_CXX_LIBRARY = "libc++";
				CLANG_ENABLE_MODULES = YES;
				CLANG_ENABLE_OBJC_ARC = YES;
				CLANG_WARN_BLOCK_CAPTURE_AUTORELEASING = YES;
				CLANG_WARN_BOOL_CONVERSION = YES;
				CLANG_WARN_COMMA = YES;
				CLANG_WARN_CONSTANT_CONVERSION = YES;
				CLANG_WARN_DIRECT_OBJC_ISA_USAGE = YES_ERROR;
				CLANG_WARN_DOCUMENTATION_COMMENTS = YES;
				CLANG_WARN_EMPTY_BODY = YES;
				CLANG_WARN_ENUM_CONVERSION = YES;
				CLANG_WARN_INFINITE_RECURSION = YES;
				CLANG_WARN_INT_CONVERSION = YES;
				CLANG_WARN_NON_LITERAL_NULL_CONVERSION = YES;
				CLANG_WARN_OBJC_LITERAL_CONVERSION = YES;
				CLANG_WARN_OBJC_ROOT_CLASS = YES_ERROR;
				CLANG_WARN_RANGE_LOOP_ANALYSIS = YES;
				CLANG_WARN_STRICT_PROTOTYPES = YES;
				CLANG_WARN_SUSPICIOUS_MOVE = YES;
				CLANG_WARN_UNGUARDED_AVAILABILITY = YES_AGGRESSIVE;
				CLANG_WARN_UNREACHABLE_CODE = YES;
				CLANG_WARN__DUPLICATE_METHOD_MATCH = YES;
				CODE_SIGN_IDENTITY = "iPhone Developer";
				COPY_PHASE_STRIP = NO;
				DEBUG_INFORMATION_FORMAT = dwarf;
				ENABLE_STRICT_OBJC_MSGSEND = YES;
				ENABLE_TESTABILITY = YES;
				GCC_C_LANGUAGE_STANDARD = gnu11;
				GCC_DYNAMIC_NO_PIC = NO;
				GCC_NO_COMMON_BLOCKS = YES;
				GCC_OPTIMIZATION_LEVEL = 0;
				GCC_PREPROCESSOR_DEFINITIONS = (
					"DEBUG=1",
					"$(inherited)",
				);
				GCC_WARN_64_TO_32_BIT_CONVERSION = YES;
				GCC_WARN_ABOUT_RETURN_TYPE = YES_ERROR;
				GCC_WARN_UNDECLARED_SELECTOR = YES;
				GCC_WARN_UNINITIALIZED_AUTOS = YES_AGGRESSIVE;
				GCC_WARN_UNUSED_FUNCTION = YES;
				GCC_WARN_UNUSED_VARIABLE = YES;
				IPHONEOS_DEPLOYMENT_TARGET = 7.0;
				MTL_ENABLE_DEBUG_INFO = YES;
				ONLY_ACTIVE_ARCH = YES;
				SDKROOT = iphoneos;
			};
			name = Debug;
		};
		634E7F44200CEA2F0057CFF0 /* Release */ = {
			isa = XCBuildConfiguration;
			buildSettings = {
				ALWAYS_SEARCH_USER_PATHS = NO;
				CLANG_ANALYZER_NONNULL = YES;
				CLANG_ANALYZER_NUMBER_OBJECT_CONVERSION = YES_AGGRESSIVE;
				CLANG_CXX_LANGUAGE_STANDARD = "gnu++14";
				CLANG_CXX_LIBRARY = "libc++";
				CLANG_ENABLE_MODULES = YES;
				CLANG_ENABLE_OBJC_ARC = YES;
				CLANG_WARN_BLOCK_CAPTURE_AUTORELEASING = YES;
				CLANG_WARN_BOOL_CONVERSION = YES;
				CLANG_WARN_COMMA = YES;
				CLANG_WARN_CONSTANT_CONVERSION = YES;
				CLANG_WARN_DIRECT_OBJC_ISA_USAGE = YES_ERROR;
				CLANG_WARN_DOCUMENTATION_COMMENTS = YES;
				CLANG_WARN_EMPTY_BODY = YES;
				CLANG_WARN_ENUM_CONVERSION = YES;
				CLANG_WARN_INFINITE_RECURSION = YES;
				CLANG_WARN_INT_CONVERSION = YES;
				CLANG_WARN_NON_LITERAL_NULL_CONVERSION = YES;
				CLANG_WARN_OBJC_LITERAL_CONVERSION = YES;
				CLANG_WARN_OBJC_ROOT_CLASS = YES_ERROR;
				CLANG_WARN_RANGE_LOOP_ANALYSIS = YES;
				CLANG_WARN_STRICT_PROTOTYPES = YES;
				CLANG_WARN_SUSPICIOUS_MOVE = YES;
				CLANG_WARN_UNGUARDED_AVAILABILITY = YES_AGGRESSIVE;
				CLANG_WARN_UNREACHABLE_CODE = YES;
				CLANG_WARN__DUPLICATE_METHOD_MATCH = YES;
				CODE_SIGN_IDENTITY = "iPhone Developer";
				COPY_PHASE_STRIP = NO;
				DEBUG_INFORMATION_FORMAT = "dwarf-with-dsym";
				ENABLE_NS_ASSERTIONS = NO;
				ENABLE_STRICT_OBJC_MSGSEND = YES;
				GCC_C_LANGUAGE_STANDARD = gnu11;
				GCC_NO_COMMON_BLOCKS = YES;
				GCC_WARN_64_TO_32_BIT_CONVERSION = YES;
				GCC_WARN_ABOUT_RETURN_TYPE = YES_ERROR;
				GCC_WARN_UNDECLARED_SELECTOR = YES;
				GCC_WARN_UNINITIALIZED_AUTOS = YES_AGGRESSIVE;
				GCC_WARN_UNUSED_FUNCTION = YES;
				GCC_WARN_UNUSED_VARIABLE = YES;
				IPHONEOS_DEPLOYMENT_TARGET = 7.0;
				MTL_ENABLE_DEBUG_INFO = NO;
				SDKROOT = iphoneos;
				VALIDATE_PRODUCT = YES;
			};
			name = Release;
		};
		634E7F46200CEA2F0057CFF0 /* Debug */ = {
			isa = XCBuildConfiguration;
			buildSettings = {
				ASSETCATALOG_COMPILER_APPICON_NAME = AppIcon;
				CODE_SIGN_STYLE = Automatic;
				DEVELOPMENT_TEAM = T8UEQRAHUT;
				INFOPLIST_FILE = Example/Info.plist;
				IPHONEOS_DEPLOYMENT_TARGET = 7.0;
				LD_RUNPATH_SEARCH_PATHS = "$(inherited) @executable_path/Frameworks";
				PRODUCT_BUNDLE_IDENTIFIER = Heikki.Example;
				PRODUCT_NAME = "$(TARGET_NAME)";
				TARGETED_DEVICE_FAMILY = "1,2";
			};
			name = Debug;
		};
		634E7F47200CEA2F0057CFF0 /* Release */ = {
			isa = XCBuildConfiguration;
			buildSettings = {
				ASSETCATALOG_COMPILER_APPICON_NAME = AppIcon;
				CODE_SIGN_STYLE = Automatic;
				DEVELOPMENT_TEAM = T8UEQRAHUT;
				INFOPLIST_FILE = Example/Info.plist;
				IPHONEOS_DEPLOYMENT_TARGET = 7.0;
				LD_RUNPATH_SEARCH_PATHS = "$(inherited) @executable_path/Frameworks";
				PRODUCT_BUNDLE_IDENTIFIER = Heikki.Example;
				PRODUCT_NAME = "$(TARGET_NAME)";
				TARGETED_DEVICE_FAMILY = "1,2";
			};
			name = Release;
		};
/* End XCBuildConfiguration section */

/* Begin XCConfigurationList section */
		634E7F2A200CEA2F0057CFF0 /* Build configuration list for PBXProject "Example" */ = {
			isa = XCConfigurationList;
			buildConfigurations = (
				634E7F43200CEA2F0057CFF0 /* Debug */,
				634E7F44200CEA2F0057CFF0 /* Release */,
			);
			defaultConfigurationIsVisible = 0;
			defaultConfigurationName = Release;
		};
		634E7F45200CEA2F0057CFF0 /* Build configuration list for PBXNativeTarget "Example" */ = {
			isa = XCConfigurationList;
			buildConfigurations = (
				634E7F46200CEA2F0057CFF0 /* Debug */,
				634E7F47200CEA2F0057CFF0 /* Release */,
			);
			defaultConfigurationIsVisible = 0;
			defaultConfigurationName = Release;
		};
/* End XCConfigurationList section */
	};
	rootObject = 634E7F27200CEA2F0057CFF0 /* Project object */;
}
